
Microsoft Visual Studio Solution File, Format Version 12.00
# Visual Studio 15
VisualStudioVersion = 15.0.27428.2043
MinimumVisualStudioVersion = 10.0.40219.1
Project("{2150E333-8FDC-42A3-9474-1A3956D46DE8}") = "Solution Items", "Solution Items", "{40230361-DCBE-4F1E-8876-984D1FEDE0EB}"
	ProjectSection(SolutionItems) = preProject
		..\paket.dependencies = ..\paket.dependencies
	EndProjectSection
EndProject
Project("{FAE04EC0-301F-11D3-BF4B-00C04F79EFBC}") = "cpcontrib.logging", "cpcontrib.logging\cpcontrib.logging.csproj", "{795E4569-B48B-4200-BD5B-9E7E9DEE90D3}"
EndProject
Project("{2150E333-8FDC-42A3-9474-1A3956D46DE8}") = "Tests", "Tests", "{3873DDD2-5E4F-4876-A47B-7F252962FCC1}"
EndProject
Project("{FAE04EC0-301F-11D3-BF4B-00C04F79EFBC}") = "cpcontrib.logging.Tests", "cpcontrib.logging.Tests\cpcontrib.logging.Tests.csproj", "{8EDF4429-251A-416D-BB68-93F227191BCF}"
EndProject
Global
	GlobalSection(SolutionConfigurationPlatforms) = preSolution
		Debug|Any CPU = Debug|Any CPU
		Release|Any CPU = Release|Any CPU
	EndGlobalSection
	GlobalSection(ProjectConfigurationPlatforms) = postSolution
		{795E4569-B48B-4200-BD5B-9E7E9DEE90D3}.Debug|Any CPU.ActiveCfg = Debug|Any CPU
		{795E4569-B48B-4200-BD5B-9E7E9DEE90D3}.Debug|Any CPU.Build.0 = Debug|Any CPU
		{795E4569-B48B-4200-BD5B-9E7E9DEE90D3}.Release|Any CPU.ActiveCfg = Release|Any CPU
		{795E4569-B48B-4200-BD5B-9E7E9DEE90D3}.Release|Any CPU.Build.0 = Release|Any CPU
		{8EDF4429-251A-416D-BB68-93F227191BCF}.Debug|Any CPU.ActiveCfg = Debug|Any CPU
		{8EDF4429-251A-416D-BB68-93F227191BCF}.Debug|Any CPU.Build.0 = Debug|Any CPU
		{8EDF4429-251A-416D-BB68-93F227191BCF}.Release|Any CPU.ActiveCfg = Release|Any CPU
		{8EDF4429-251A-416D-BB68-93F227191BCF}.Release|Any CPU.Build.0 = Release|Any CPU
	EndGlobalSection
	GlobalSection(SolutionProperties) = preSolution
		HideSolutionNode = FALSE
	EndGlobalSection
	GlobalSection(NestedProjects) = preSolution
		{8EDF4429-251A-416D-BB68-93F227191BCF} = {3873DDD2-5E4F-4876-A47B-7F252962FCC1}
	EndGlobalSection
	GlobalSection(ExtensibilityGlobals) = postSolution
		SolutionGuid = {034AD97A-6E96-4FF3-A619-3AC64B915945}
	EndGlobalSection
EndGlobal
